// !$*UTF8*$!
{
	archiveVersion = 1;
	classes = {
	};
	objectVersion = 56;
	objects = {

/* Begin PBXBuildFile section */
		321E805A2908EF9D005076C7 /* RecipeGoFeedView.swift in Sources */ = {isa = PBXBuildFile; fileRef = 321E80592908EF9D005076C7 /* RecipeGoFeedView.swift */; };
		321E805D2908F0C2005076C7 /* RecipeGoPostsView.swift in Sources */ = {isa = PBXBuildFile; fileRef = 321E805C2908F0C2005076C7 /* RecipeGoPostsView.swift */; };
		321E80602908F966005076C7 /* RecipeGoMainTabView.swift in Sources */ = {isa = PBXBuildFile; fileRef = 321E805F2908F966005076C7 /* RecipeGoMainTabView.swift */; };
		321E80662908FB89005076C7 /* RecipeGoExploreView.swift in Sources */ = {isa = PBXBuildFile; fileRef = 321E80652908FB89005076C7 /* RecipeGoExploreView.swift */; };
		321E80682908FBBD005076C7 /* RecipeGoNotificationsView.swift in Sources */ = {isa = PBXBuildFile; fileRef = 321E80672908FBBD005076C7 /* RecipeGoNotificationsView.swift */; };
		321E806E2908FD08005076C7 /* RecipeGoProfileView.swift in Sources */ = {isa = PBXBuildFile; fileRef = 321E806D2908FD08005076C7 /* RecipeGoProfileView.swift */; };
		321E80702909041C005076C7 /* RecipePostFilterViewModel.swift in Sources */ = {isa = PBXBuildFile; fileRef = 321E806F2909041C005076C7 /* RecipePostFilterViewModel.swift */; };
		321E807529090C73005076C7 /* RecipeGoUserRowView.swift in Sources */ = {isa = PBXBuildFile; fileRef = 321E807429090C73005076C7 /* RecipeGoUserRowView.swift */; };
		321E807A29090FF6005076C7 /* RecipeGoSideMenuView.swift in Sources */ = {isa = PBXBuildFile; fileRef = 321E807929090FF6005076C7 /* RecipeGoSideMenuView.swift */; };
		321E807E2909102D005076C7 /* RecipeGoSideMenuViewModel.swift in Sources */ = {isa = PBXBuildFile; fileRef = 321E807D2909102D005076C7 /* RecipeGoSideMenuViewModel.swift */; };
		321E808029091432005076C7 /* RecipeGoUserStatsView.swift in Sources */ = {isa = PBXBuildFile; fileRef = 321E807F29091432005076C7 /* RecipeGoUserStatsView.swift */; };
		3262A03329091D3A00C2C83C /* RecipeGoSideMenuOptionView.swift in Sources */ = {isa = PBXBuildFile; fileRef = 3262A03229091D3A00C2C83C /* RecipeGoSideMenuOptionView.swift */; };
		32D5352D290CCEF70080965E /* RecipeGoNewPostView.swift in Sources */ = {isa = PBXBuildFile; fileRef = 32D5352C290CCEF70080965E /* RecipeGoNewPostView.swift */; };
		32D5352F290CD7880080965E /* RecipeGoTextView.swift in Sources */ = {isa = PBXBuildFile; fileRef = 32D5352E290CD7880080965E /* RecipeGoTextView.swift */; };
		32D9D6A62912126800C7C22C /* RecipeGoProfilePicView.swift in Sources */ = {isa = PBXBuildFile; fileRef = 32D9D6A52912126800C7C22C /* RecipeGoProfilePicView.swift */; };
		32D9D6AA291240E100C7C22C /* RecipeGoPostService.swift in Sources */ = {isa = PBXBuildFile; fileRef = 32D9D6A9291240E100C7C22C /* RecipeGoPostService.swift */; };
		32D9D6AC2912426C00C7C22C /* RecipeGoUploadPostViewModel.swift in Sources */ = {isa = PBXBuildFile; fileRef = 32D9D6AB2912426C00C7C22C /* RecipeGoUploadPostViewModel.swift */; };
		32DB2CD32908ED67000C6E1F /* RecipeGoSwiftUIApp.swift in Sources */ = {isa = PBXBuildFile; fileRef = 32DB2CD22908ED67000C6E1F /* RecipeGoSwiftUIApp.swift */; };
		32DB2CD52908ED67000C6E1F /* RecipeGoContentView.swift in Sources */ = {isa = PBXBuildFile; fileRef = 32DB2CD42908ED67000C6E1F /* RecipeGoContentView.swift */; };
		32DB2CD72908ED68000C6E1F /* Assets.xcassets in Resources */ = {isa = PBXBuildFile; fileRef = 32DB2CD62908ED68000C6E1F /* Assets.xcassets */; };
		32DB2CDA2908ED68000C6E1F /* Preview Assets.xcassets in Resources */ = {isa = PBXBuildFile; fileRef = 32DB2CD92908ED68000C6E1F /* Preview Assets.xcassets */; };
		32F7CFF5290E144300701A7B /* RecipeGoLoginView.swift in Sources */ = {isa = PBXBuildFile; fileRef = 32F7CFF4290E144300701A7B /* RecipeGoLoginView.swift */; };
		32F7CFF7290E157B00701A7B /* RoundCorners.swift in Sources */ = {isa = PBXBuildFile; fileRef = 32F7CFF6290E157B00701A7B /* RoundCorners.swift */; };
		32F7CFF9290E19EF00701A7B /* RecipeGoRegistrationView.swift in Sources */ = {isa = PBXBuildFile; fileRef = 32F7CFF8290E19EF00701A7B /* RecipeGoRegistrationView.swift */; };
		32F7CFFB290E1B3F00701A7B /* UserInputField.swift in Sources */ = {isa = PBXBuildFile; fileRef = 32F7CFFA290E1B3F00701A7B /* UserInputField.swift */; };
		32F7CFFD290E1F4700701A7B /* RegisterHeaderView.swift in Sources */ = {isa = PBXBuildFile; fileRef = 32F7CFFC290E1F4700701A7B /* RegisterHeaderView.swift */; };
		32F7CFFF290E53E500701A7B /* GoogleService-Info.plist in Resources */ = {isa = PBXBuildFile; fileRef = 32F7CFFE290E53E500701A7B /* GoogleService-Info.plist */; };
		32F7D002290E547500701A7B /* FirebaseAuth in Frameworks */ = {isa = PBXBuildFile; productRef = 32F7D001290E547500701A7B /* FirebaseAuth */; };
		32F7D004290E547500701A7B /* FirebaseFirestore in Frameworks */ = {isa = PBXBuildFile; productRef = 32F7D003290E547500701A7B /* FirebaseFirestore */; };
		32F7D006290E547500701A7B /* FirebaseFirestoreSwift in Frameworks */ = {isa = PBXBuildFile; productRef = 32F7D005290E547500701A7B /* FirebaseFirestoreSwift */; };
		32F7D008290E547500701A7B /* FirebaseStorage in Frameworks */ = {isa = PBXBuildFile; productRef = 32F7D007290E547500701A7B /* FirebaseStorage */; };
		32F7D00A290E569800701A7B /* RecipeGoAuthViewModel.swift in Sources */ = {isa = PBXBuildFile; fileRef = 32F7D009290E569800701A7B /* RecipeGoAuthViewModel.swift */; };
		F2A8069C2915C0A1003FB57D /* FirebaseAnalytics in Frameworks */ = {isa = PBXBuildFile; productRef = F2A8069B2915C0A1003FB57D /* FirebaseAnalytics */; };
/* End PBXBuildFile section */

/* Begin PBXFileReference section */
		321E80592908EF9D005076C7 /* RecipeGoFeedView.swift */ = {isa = PBXFileReference; lastKnownFileType = sourcecode.swift; path = RecipeGoFeedView.swift; sourceTree = "<group>"; };
		321E805C2908F0C2005076C7 /* RecipeGoPostsView.swift */ = {isa = PBXFileReference; lastKnownFileType = sourcecode.swift; path = RecipeGoPostsView.swift; sourceTree = "<group>"; };
		321E805F2908F966005076C7 /* RecipeGoMainTabView.swift */ = {isa = PBXFileReference; lastKnownFileType = sourcecode.swift; path = RecipeGoMainTabView.swift; sourceTree = "<group>"; };
		321E80652908FB89005076C7 /* RecipeGoExploreView.swift */ = {isa = PBXFileReference; lastKnownFileType = sourcecode.swift; path = RecipeGoExploreView.swift; sourceTree = "<group>"; };
		321E80672908FBBD005076C7 /* RecipeGoNotificationsView.swift */ = {isa = PBXFileReference; lastKnownFileType = sourcecode.swift; path = RecipeGoNotificationsView.swift; sourceTree = "<group>"; };
		321E806D2908FD08005076C7 /* RecipeGoProfileView.swift */ = {isa = PBXFileReference; lastKnownFileType = sourcecode.swift; path = RecipeGoProfileView.swift; sourceTree = "<group>"; };
		321E806F2909041C005076C7 /* RecipePostFilterViewModel.swift */ = {isa = PBXFileReference; lastKnownFileType = sourcecode.swift; path = RecipePostFilterViewModel.swift; sourceTree = "<group>"; };
		321E807429090C73005076C7 /* RecipeGoUserRowView.swift */ = {isa = PBXFileReference; lastKnownFileType = sourcecode.swift; path = RecipeGoUserRowView.swift; sourceTree = "<group>"; };
		321E807929090FF6005076C7 /* RecipeGoSideMenuView.swift */ = {isa = PBXFileReference; lastKnownFileType = sourcecode.swift; path = RecipeGoSideMenuView.swift; sourceTree = "<group>"; };
		321E807D2909102D005076C7 /* RecipeGoSideMenuViewModel.swift */ = {isa = PBXFileReference; lastKnownFileType = sourcecode.swift; path = RecipeGoSideMenuViewModel.swift; sourceTree = "<group>"; };
		321E807F29091432005076C7 /* RecipeGoUserStatsView.swift */ = {isa = PBXFileReference; lastKnownFileType = sourcecode.swift; path = RecipeGoUserStatsView.swift; sourceTree = "<group>"; };
		3262A03229091D3A00C2C83C /* RecipeGoSideMenuOptionView.swift */ = {isa = PBXFileReference; lastKnownFileType = sourcecode.swift; path = RecipeGoSideMenuOptionView.swift; sourceTree = "<group>"; };
		32D5352C290CCEF70080965E /* RecipeGoNewPostView.swift */ = {isa = PBXFileReference; lastKnownFileType = sourcecode.swift; path = RecipeGoNewPostView.swift; sourceTree = "<group>"; };
		32D5352E290CD7880080965E /* RecipeGoTextView.swift */ = {isa = PBXFileReference; lastKnownFileType = sourcecode.swift; path = RecipeGoTextView.swift; sourceTree = "<group>"; };
		32D9D6A52912126800C7C22C /* RecipeGoProfilePicView.swift */ = {isa = PBXFileReference; lastKnownFileType = sourcecode.swift; path = RecipeGoProfilePicView.swift; sourceTree = "<group>"; };
		32D9D6A9291240E100C7C22C /* RecipeGoPostService.swift */ = {isa = PBXFileReference; lastKnownFileType = sourcecode.swift; path = RecipeGoPostService.swift; sourceTree = "<group>"; };
		32D9D6AB2912426C00C7C22C /* RecipeGoUploadPostViewModel.swift */ = {isa = PBXFileReference; lastKnownFileType = sourcecode.swift; path = RecipeGoUploadPostViewModel.swift; sourceTree = "<group>"; };
		32DB2CCF2908ED67000C6E1F /* RecipeGoSwiftUI.app */ = {isa = PBXFileReference; explicitFileType = wrapper.application; includeInIndex = 0; path = RecipeGoSwiftUI.app; sourceTree = BUILT_PRODUCTS_DIR; };
		32DB2CD22908ED67000C6E1F /* RecipeGoSwiftUIApp.swift */ = {isa = PBXFileReference; lastKnownFileType = sourcecode.swift; path = RecipeGoSwiftUIApp.swift; sourceTree = "<group>"; };
		32DB2CD42908ED67000C6E1F /* RecipeGoContentView.swift */ = {isa = PBXFileReference; lastKnownFileType = sourcecode.swift; path = RecipeGoContentView.swift; sourceTree = "<group>"; };
		32DB2CD62908ED68000C6E1F /* Assets.xcassets */ = {isa = PBXFileReference; lastKnownFileType = folder.assetcatalog; path = Assets.xcassets; sourceTree = "<group>"; };
		32DB2CD92908ED68000C6E1F /* Preview Assets.xcassets */ = {isa = PBXFileReference; lastKnownFileType = folder.assetcatalog; path = "Preview Assets.xcassets"; sourceTree = "<group>"; };
		32F7CFF4290E144300701A7B /* RecipeGoLoginView.swift */ = {isa = PBXFileReference; lastKnownFileType = sourcecode.swift; path = RecipeGoLoginView.swift; sourceTree = "<group>"; };
		32F7CFF6290E157B00701A7B /* RoundCorners.swift */ = {isa = PBXFileReference; lastKnownFileType = sourcecode.swift; path = RoundCorners.swift; sourceTree = "<group>"; };
		32F7CFF8290E19EF00701A7B /* RecipeGoRegistrationView.swift */ = {isa = PBXFileReference; lastKnownFileType = sourcecode.swift; path = RecipeGoRegistrationView.swift; sourceTree = "<group>"; };
		32F7CFFA290E1B3F00701A7B /* UserInputField.swift */ = {isa = PBXFileReference; lastKnownFileType = sourcecode.swift; path = UserInputField.swift; sourceTree = "<group>"; };
		32F7CFFC290E1F4700701A7B /* RegisterHeaderView.swift */ = {isa = PBXFileReference; lastKnownFileType = sourcecode.swift; path = RegisterHeaderView.swift; sourceTree = "<group>"; };
		32F7CFFE290E53E500701A7B /* GoogleService-Info.plist */ = {isa = PBXFileReference; lastKnownFileType = text.plist; path = "GoogleService-Info.plist"; sourceTree = SOURCE_ROOT; };
		32F7D009290E569800701A7B /* RecipeGoAuthViewModel.swift */ = {isa = PBXFileReference; lastKnownFileType = sourcecode.swift; path = RecipeGoAuthViewModel.swift; sourceTree = "<group>"; };
/* End PBXFileReference section */

/* Begin PBXFrameworksBuildPhase section */
		32DB2CCC2908ED67000C6E1F /* Frameworks */ = {
			isa = PBXFrameworksBuildPhase;
			buildActionMask = 2147483647;
			files = (
				32F7D002290E547500701A7B /* FirebaseAuth in Frameworks */,
				32F7D008290E547500701A7B /* FirebaseStorage in Frameworks */,
				32F7D004290E547500701A7B /* FirebaseFirestore in Frameworks */,
				F2A8069C2915C0A1003FB57D /* FirebaseAnalytics in Frameworks */,
				32F7D006290E547500701A7B /* FirebaseFirestoreSwift in Frameworks */,
			);
			runOnlyForDeploymentPostprocessing = 0;
		};
/* End PBXFrameworksBuildPhase section */

/* Begin PBXGroup section */
		321E805B2908F092005076C7 /* RecipeGoPosts */ = {
			isa = PBXGroup;
			children = (
				321E805C2908F0C2005076C7 /* RecipeGoPostsView.swift */,
				32D5352E290CD7880080965E /* RecipeGoTextView.swift */,
				32F7CFF6290E157B00701A7B /* RoundCorners.swift */,
				32F7CFFA290E1B3F00701A7B /* UserInputField.swift */,
			);
			path = RecipeGoPosts;
			sourceTree = "<group>";
		};
		321E805E2908F8F9005076C7 /* RecipeGoMainTab */ = {
			isa = PBXGroup;
			children = (
				321E805F2908F966005076C7 /* RecipeGoMainTabView.swift */,
			);
			path = RecipeGoMainTab;
			sourceTree = "<group>";
		};
		321E80622908FAEB005076C7 /* RecipeGoNotifications */ = {
			isa = PBXGroup;
			children = (
				321E80672908FBBD005076C7 /* RecipeGoNotificationsView.swift */,
			);
			path = RecipeGoNotifications;
			sourceTree = "<group>";
		};
		321E80632908FAEC005076C7 /* RecipeGoExplore */ = {
			isa = PBXGroup;
			children = (
				321E807129090C42005076C7 /* Views */,
			);
			path = RecipeGoExplore;
			sourceTree = "<group>";
		};
		321E80642908FB5C005076C7 /* RecipeGoProfile */ = {
			isa = PBXGroup;
			children = (
				321E806C2908FCF0005076C7 /* ViewModels */,
				321E806B2908FCED005076C7 /* Views */,
			);
			path = RecipeGoProfile;
			sourceTree = "<group>";
		};
		321E806B2908FCED005076C7 /* Views */ = {
			isa = PBXGroup;
			children = (
				321E806D2908FD08005076C7 /* RecipeGoProfileView.swift */,
			);
			path = Views;
			sourceTree = "<group>";
		};
		321E806C2908FCF0005076C7 /* ViewModels */ = {
			isa = PBXGroup;
			children = (
				321E806F2909041C005076C7 /* RecipePostFilterViewModel.swift */,
			);
			path = ViewModels;
			sourceTree = "<group>";
		};
		321E807129090C42005076C7 /* Views */ = {
			isa = PBXGroup;
			children = (
				321E80652908FB89005076C7 /* RecipeGoExploreView.swift */,
			);
			path = Views;
			sourceTree = "<group>";
		};
		321E807329090C5C005076C7 /* Users */ = {
			isa = PBXGroup;
			children = (
				321E807429090C73005076C7 /* RecipeGoUserRowView.swift */,
				321E807F29091432005076C7 /* RecipeGoUserStatsView.swift */,
			);
			path = Users;
			sourceTree = "<group>";
		};
		321E807629090F5D005076C7 /* RecipeGoSideMenu */ = {
			isa = PBXGroup;
			children = (
				321E807829090F92005076C7 /* Views */,
				321E807729090F7C005076C7 /* ViewModel */,
			);
			path = RecipeGoSideMenu;
			sourceTree = "<group>";
		};
		321E807729090F7C005076C7 /* ViewModel */ = {
			isa = PBXGroup;
			children = (
				321E807D2909102D005076C7 /* RecipeGoSideMenuViewModel.swift */,
			);
			path = ViewModel;
			sourceTree = "<group>";
		};
		321E807829090F92005076C7 /* Views */ = {
			isa = PBXGroup;
			children = (
				321E807929090FF6005076C7 /* RecipeGoSideMenuView.swift */,
				3262A03229091D3A00C2C83C /* RecipeGoSideMenuOptionView.swift */,
			);
			path = Views;
			sourceTree = "<group>";
		};
		32D53529290CCE9A0080965E /* RecipeGoUploadPost */ = {
			isa = PBXGroup;
			children = (
				32D5352B290CCEBB0080965E /* RecipeGoView */,
				32D5352A290CCEA90080965E /* RecipeGoViewModel */,
			);
			path = RecipeGoUploadPost;
			sourceTree = "<group>";
		};
		32D5352A290CCEA90080965E /* RecipeGoViewModel */ = {
			isa = PBXGroup;
			children = (
			);
			path = RecipeGoViewModel;
			sourceTree = "<group>";
		};
		32D5352B290CCEBB0080965E /* RecipeGoView */ = {
			isa = PBXGroup;
			children = (
				32D5352C290CCEF70080965E /* RecipeGoNewPostView.swift */,
				32D9D6AB2912426C00C7C22C /* RecipeGoUploadPostViewModel.swift */,
			);
			path = RecipeGoView;
			sourceTree = "<group>";
		};
		32DB2CC62908ED67000C6E1F = {
			isa = PBXGroup;
			children = (
				32DB2CD12908ED67000C6E1F /* RecipeGoSwiftUI */,
				32DB2CD02908ED67000C6E1F /* Products */,
				F2A8069A2915C0A1003FB57D /* Frameworks */,
			);
			sourceTree = "<group>";
		};
		32DB2CD02908ED67000C6E1F /* Products */ = {
			isa = PBXGroup;
			children = (
				32DB2CCF2908ED67000C6E1F /* RecipeGoSwiftUI.app */,
			);
			name = Products;
			sourceTree = "<group>";
		};
		32DB2CD12908ED67000C6E1F /* RecipeGoSwiftUI */ = {
			isa = PBXGroup;
			children = (
				32DB2CE12908ED9A000C6E1F /* RecipeGoService */,
				32DB2CE02908ED97000C6E1F /* RecipeGoCore */,
				32DB2CD22908ED67000C6E1F /* RecipeGoSwiftUIApp.swift */,
				32DB2CD42908ED67000C6E1F /* RecipeGoContentView.swift */,
				32DB2CD62908ED68000C6E1F /* Assets.xcassets */,
				32F7CFFE290E53E500701A7B /* GoogleService-Info.plist */,
				32DB2CD82908ED68000C6E1F /* Preview Content */,
			);
			path = RecipeGoSwiftUI;
			sourceTree = "<group>";
		};
		32DB2CD82908ED68000C6E1F /* Preview Content */ = {
			isa = PBXGroup;
			children = (
				32DB2CD92908ED68000C6E1F /* Preview Assets.xcassets */,
			);
			path = "Preview Content";
			sourceTree = "<group>";
		};
		32DB2CE02908ED97000C6E1F /* RecipeGoCore */ = {
			isa = PBXGroup;
			children = (
				32F7CFF1290E13DC00701A7B /* RecipeGoAuthentication */,
				32D53529290CCE9A0080965E /* RecipeGoUploadPost */,
				32DB2CE52908EDDE000C6E1F /* RecipeGoComponents */,
				321E807629090F5D005076C7 /* RecipeGoSideMenu */,
				321E80642908FB5C005076C7 /* RecipeGoProfile */,
				321E80632908FAEC005076C7 /* RecipeGoExplore */,
				321E80622908FAEB005076C7 /* RecipeGoNotifications */,
				321E805E2908F8F9005076C7 /* RecipeGoMainTab */,
				32DB2CE42908EDDB000C6E1F /* RecipeGoFeed */,
			);
			path = RecipeGoCore;
			sourceTree = "<group>";
		};
		32DB2CE12908ED9A000C6E1F /* RecipeGoService */ = {
			isa = PBXGroup;
			children = (
				32D9D6A9291240E100C7C22C /* RecipeGoPostService.swift */,
			);
			path = RecipeGoService;
			sourceTree = "<group>";
		};
		32DB2CE42908EDDB000C6E1F /* RecipeGoFeed */ = {
			isa = PBXGroup;
			children = (
				32DB2CE62908EE28000C6E1F /* Views */,
			);
			path = RecipeGoFeed;
			sourceTree = "<group>";
		};
		32DB2CE52908EDDE000C6E1F /* RecipeGoComponents */ = {
			isa = PBXGroup;
			children = (
				321E807329090C5C005076C7 /* Users */,
				321E805B2908F092005076C7 /* RecipeGoPosts */,
			);
			path = RecipeGoComponents;
			sourceTree = "<group>";
		};
		32DB2CE62908EE28000C6E1F /* Views */ = {
			isa = PBXGroup;
			children = (
				321E80592908EF9D005076C7 /* RecipeGoFeedView.swift */,
			);
			path = Views;
			sourceTree = "<group>";
		};
		32F7CFF1290E13DC00701A7B /* RecipeGoAuthentication */ = {
			isa = PBXGroup;
			children = (
				32F7CFF3290E13E900701A7B /* RecipeGoView */,
				32F7CFF2290E13E700701A7B /* RecipeGoViewModel */,
			);
			path = RecipeGoAuthentication;
			sourceTree = "<group>";
		};
		32F7CFF2290E13E700701A7B /* RecipeGoViewModel */ = {
			isa = PBXGroup;
			children = (
				32F7D009290E569800701A7B /* RecipeGoAuthViewModel.swift */,
			);
			path = RecipeGoViewModel;
			sourceTree = "<group>";
		};
		32F7CFF3290E13E900701A7B /* RecipeGoView */ = {
			isa = PBXGroup;
			children = (
				32F7CFF4290E144300701A7B /* RecipeGoLoginView.swift */,
				32F7CFF8290E19EF00701A7B /* RecipeGoRegistrationView.swift */,
				32F7CFFC290E1F4700701A7B /* RegisterHeaderView.swift */,
				32D9D6A52912126800C7C22C /* RecipeGoProfilePicView.swift */,
			);
			path = RecipeGoView;
			sourceTree = "<group>";
		};
		F2A8069A2915C0A1003FB57D /* Frameworks */ = {
			isa = PBXGroup;
			children = (
			);
			name = Frameworks;
			sourceTree = "<group>";
		};
/* End PBXGroup section */

/* Begin PBXNativeTarget section */
		32DB2CCE2908ED67000C6E1F /* RecipeGoSwiftUI */ = {
			isa = PBXNativeTarget;
			buildConfigurationList = 32DB2CDD2908ED68000C6E1F /* Build configuration list for PBXNativeTarget "RecipeGoSwiftUI" */;
			buildPhases = (
				32DB2CCB2908ED67000C6E1F /* Sources */,
				32DB2CCC2908ED67000C6E1F /* Frameworks */,
				32DB2CCD2908ED67000C6E1F /* Resources */,
			);
			buildRules = (
			);
			dependencies = (
			);
			name = RecipeGoSwiftUI;
			packageProductDependencies = (
				32F7D001290E547500701A7B /* FirebaseAuth */,
				32F7D003290E547500701A7B /* FirebaseFirestore */,
				32F7D005290E547500701A7B /* FirebaseFirestoreSwift */,
				32F7D007290E547500701A7B /* FirebaseStorage */,
				F2A8069B2915C0A1003FB57D /* FirebaseAnalytics */,
			);
			productName = RecipeGoSwiftUI;
			productReference = 32DB2CCF2908ED67000C6E1F /* RecipeGoSwiftUI.app */;
			productType = "com.apple.product-type.application";
		};
/* End PBXNativeTarget section */

/* Begin PBXProject section */
		32DB2CC72908ED67000C6E1F /* Project object */ = {
			isa = PBXProject;
			attributes = {
				BuildIndependentTargetsInParallel = 1;
				LastSwiftUpdateCheck = 1400;
				LastUpgradeCheck = 1400;
				TargetAttributes = {
					32DB2CCE2908ED67000C6E1F = {
						CreatedOnToolsVersion = 14.0.1;
					};
				};
			};
			buildConfigurationList = 32DB2CCA2908ED67000C6E1F /* Build configuration list for PBXProject "RecipeGoSwiftUI" */;
			compatibilityVersion = "Xcode 14.0";
			developmentRegion = en;
			hasScannedForEncodings = 0;
			knownRegions = (
				en,
				Base,
			);
			mainGroup = 32DB2CC62908ED67000C6E1F;
			packageReferences = (
				32F7D000290E547500701A7B /* XCRemoteSwiftPackageReference "firebase-ios-sdk" */,
			);
			productRefGroup = 32DB2CD02908ED67000C6E1F /* Products */;
			projectDirPath = "";
			projectRoot = "";
			targets = (
				32DB2CCE2908ED67000C6E1F /* RecipeGoSwiftUI */,
			);
		};
/* End PBXProject section */

/* Begin PBXResourcesBuildPhase section */
		32DB2CCD2908ED67000C6E1F /* Resources */ = {
			isa = PBXResourcesBuildPhase;
			buildActionMask = 2147483647;
			files = (
				32DB2CDA2908ED68000C6E1F /* Preview Assets.xcassets in Resources */,
				32DB2CD72908ED68000C6E1F /* Assets.xcassets in Resources */,
				32F7CFFF290E53E500701A7B /* GoogleService-Info.plist in Resources */,
			);
			runOnlyForDeploymentPostprocessing = 0;
		};
/* End PBXResourcesBuildPhase section */

/* Begin PBXSourcesBuildPhase section */
		32DB2CCB2908ED67000C6E1F /* Sources */ = {
			isa = PBXSourcesBuildPhase;
			buildActionMask = 2147483647;
			files = (
				321E80662908FB89005076C7 /* RecipeGoExploreView.swift in Sources */,
				321E807E2909102D005076C7 /* RecipeGoSideMenuViewModel.swift in Sources */,
				321E806E2908FD08005076C7 /* RecipeGoProfileView.swift in Sources */,
				321E80702909041C005076C7 /* RecipePostFilterViewModel.swift in Sources */,
				32F7CFFB290E1B3F00701A7B /* UserInputField.swift in Sources */,
				321E805D2908F0C2005076C7 /* RecipeGoPostsView.swift in Sources */,
				32F7CFFD290E1F4700701A7B /* RegisterHeaderView.swift in Sources */,
				321E807A29090FF6005076C7 /* RecipeGoSideMenuView.swift in Sources */,
				32F7CFF7290E157B00701A7B /* RoundCorners.swift in Sources */,
				32DB2CD52908ED67000C6E1F /* RecipeGoContentView.swift in Sources */,
				32F7D00A290E569800701A7B /* RecipeGoAuthViewModel.swift in Sources */,
				32D9D6AC2912426C00C7C22C /* RecipeGoUploadPostViewModel.swift in Sources */,
				321E80682908FBBD005076C7 /* RecipeGoNotificationsView.swift in Sources */,
				32DB2CD32908ED67000C6E1F /* RecipeGoSwiftUIApp.swift in Sources */,
				321E805A2908EF9D005076C7 /* RecipeGoFeedView.swift in Sources */,
				321E807529090C73005076C7 /* RecipeGoUserRowView.swift in Sources */,
				32D5352F290CD7880080965E /* RecipeGoTextView.swift in Sources */,
				32F7CFF9290E19EF00701A7B /* RecipeGoRegistrationView.swift in Sources */,
				32F7CFF5290E144300701A7B /* RecipeGoLoginView.swift in Sources */,
				321E808029091432005076C7 /* RecipeGoUserStatsView.swift in Sources */,
				32D5352D290CCEF70080965E /* RecipeGoNewPostView.swift in Sources */,
				3262A03329091D3A00C2C83C /* RecipeGoSideMenuOptionView.swift in Sources */,
				32D9D6AA291240E100C7C22C /* RecipeGoPostService.swift in Sources */,
				32D9D6A62912126800C7C22C /* RecipeGoProfilePicView.swift in Sources */,
				321E80602908F966005076C7 /* RecipeGoMainTabView.swift in Sources */,
			);
			runOnlyForDeploymentPostprocessing = 0;
		};
/* End PBXSourcesBuildPhase section */

/* Begin XCBuildConfiguration section */
		32DB2CDB2908ED68000C6E1F /* Debug */ = {
			isa = XCBuildConfiguration;
			buildSettings = {
				ALWAYS_SEARCH_USER_PATHS = NO;
				CLANG_ANALYZER_NONNULL = YES;
				CLANG_ANALYZER_NUMBER_OBJECT_CONVERSION = YES_AGGRESSIVE;
				CLANG_CXX_LANGUAGE_STANDARD = "gnu++20";
				CLANG_ENABLE_MODULES = YES;
				CLANG_ENABLE_OBJC_ARC = YES;
				CLANG_ENABLE_OBJC_WEAK = YES;
				CLANG_WARN_BLOCK_CAPTURE_AUTORELEASING = YES;
				CLANG_WARN_BOOL_CONVERSION = YES;
				CLANG_WARN_COMMA = YES;
				CLANG_WARN_CONSTANT_CONVERSION = YES;
				CLANG_WARN_DEPRECATED_OBJC_IMPLEMENTATIONS = YES;
				CLANG_WARN_DIRECT_OBJC_ISA_USAGE = YES_ERROR;
				CLANG_WARN_DOCUMENTATION_COMMENTS = YES;
				CLANG_WARN_EMPTY_BODY = YES;
				CLANG_WARN_ENUM_CONVERSION = YES;
				CLANG_WARN_INFINITE_RECURSION = YES;
				CLANG_WARN_INT_CONVERSION = YES;
				CLANG_WARN_NON_LITERAL_NULL_CONVERSION = YES;
				CLANG_WARN_OBJC_IMPLICIT_RETAIN_SELF = YES;
				CLANG_WARN_OBJC_LITERAL_CONVERSION = YES;
				CLANG_WARN_OBJC_ROOT_CLASS = YES_ERROR;
				CLANG_WARN_QUOTED_INCLUDE_IN_FRAMEWORK_HEADER = YES;
				CLANG_WARN_RANGE_LOOP_ANALYSIS = YES;
				CLANG_WARN_STRICT_PROTOTYPES = YES;
				CLANG_WARN_SUSPICIOUS_MOVE = YES;
				CLANG_WARN_UNGUARDED_AVAILABILITY = YES_AGGRESSIVE;
				CLANG_WARN_UNREACHABLE_CODE = YES;
				CLANG_WARN__DUPLICATE_METHOD_MATCH = YES;
				COPY_PHASE_STRIP = NO;
				DEBUG_INFORMATION_FORMAT = dwarf;
				ENABLE_STRICT_OBJC_MSGSEND = YES;
				ENABLE_TESTABILITY = YES;
				GCC_C_LANGUAGE_STANDARD = gnu11;
				GCC_DYNAMIC_NO_PIC = NO;
				GCC_NO_COMMON_BLOCKS = YES;
				GCC_OPTIMIZATION_LEVEL = 0;
				GCC_PREPROCESSOR_DEFINITIONS = (
					"DEBUG=1",
					"$(inherited)",
				);
				GCC_WARN_64_TO_32_BIT_CONVERSION = YES;
				GCC_WARN_ABOUT_RETURN_TYPE = YES_ERROR;
				GCC_WARN_UNDECLARED_SELECTOR = YES;
				GCC_WARN_UNINITIALIZED_AUTOS = YES_AGGRESSIVE;
				GCC_WARN_UNUSED_FUNCTION = YES;
				GCC_WARN_UNUSED_VARIABLE = YES;
				IPHONEOS_DEPLOYMENT_TARGET = 16.0;
				MTL_ENABLE_DEBUG_INFO = INCLUDE_SOURCE;
				MTL_FAST_MATH = YES;
				ONLY_ACTIVE_ARCH = YES;
				SDKROOT = iphoneos;
				SWIFT_ACTIVE_COMPILATION_CONDITIONS = DEBUG;
				SWIFT_OPTIMIZATION_LEVEL = "-Onone";
			};
			name = Debug;
		};
		32DB2CDC2908ED68000C6E1F /* Release */ = {
			isa = XCBuildConfiguration;
			buildSettings = {
				ALWAYS_SEARCH_USER_PATHS = NO;
				CLANG_ANALYZER_NONNULL = YES;
				CLANG_ANALYZER_NUMBER_OBJECT_CONVERSION = YES_AGGRESSIVE;
				CLANG_CXX_LANGUAGE_STANDARD = "gnu++20";
				CLANG_ENABLE_MODULES = YES;
				CLANG_ENABLE_OBJC_ARC = YES;
				CLANG_ENABLE_OBJC_WEAK = YES;
				CLANG_WARN_BLOCK_CAPTURE_AUTORELEASING = YES;
				CLANG_WARN_BOOL_CONVERSION = YES;
				CLANG_WARN_COMMA = YES;
				CLANG_WARN_CONSTANT_CONVERSION = YES;
				CLANG_WARN_DEPRECATED_OBJC_IMPLEMENTATIONS = YES;
				CLANG_WARN_DIRECT_OBJC_ISA_USAGE = YES_ERROR;
				CLANG_WARN_DOCUMENTATION_COMMENTS = YES;
				CLANG_WARN_EMPTY_BODY = YES;
				CLANG_WARN_ENUM_CONVERSION = YES;
				CLANG_WARN_INFINITE_RECURSION = YES;
				CLANG_WARN_INT_CONVERSION = YES;
				CLANG_WARN_NON_LITERAL_NULL_CONVERSION = YES;
				CLANG_WARN_OBJC_IMPLICIT_RETAIN_SELF = YES;
				CLANG_WARN_OBJC_LITERAL_CONVERSION = YES;
				CLANG_WARN_OBJC_ROOT_CLASS = YES_ERROR;
				CLANG_WARN_QUOTED_INCLUDE_IN_FRAMEWORK_HEADER = YES;
				CLANG_WARN_RANGE_LOOP_ANALYSIS = YES;
				CLANG_WARN_STRICT_PROTOTYPES = YES;
				CLANG_WARN_SUSPICIOUS_MOVE = YES;
				CLANG_WARN_UNGUARDED_AVAILABILITY = YES_AGGRESSIVE;
				CLANG_WARN_UNREACHABLE_CODE = YES;
				CLANG_WARN__DUPLICATE_METHOD_MATCH = YES;
				COPY_PHASE_STRIP = NO;
				DEBUG_INFORMATION_FORMAT = "dwarf-with-dsym";
				ENABLE_NS_ASSERTIONS = NO;
				ENABLE_STRICT_OBJC_MSGSEND = YES;
				GCC_C_LANGUAGE_STANDARD = gnu11;
				GCC_NO_COMMON_BLOCKS = YES;
				GCC_WARN_64_TO_32_BIT_CONVERSION = YES;
				GCC_WARN_ABOUT_RETURN_TYPE = YES_ERROR;
				GCC_WARN_UNDECLARED_SELECTOR = YES;
				GCC_WARN_UNINITIALIZED_AUTOS = YES_AGGRESSIVE;
				GCC_WARN_UNUSED_FUNCTION = YES;
				GCC_WARN_UNUSED_VARIABLE = YES;
				IPHONEOS_DEPLOYMENT_TARGET = 16.0;
				MTL_ENABLE_DEBUG_INFO = NO;
				MTL_FAST_MATH = YES;
				SDKROOT = iphoneos;
				SWIFT_COMPILATION_MODE = wholemodule;
				SWIFT_OPTIMIZATION_LEVEL = "-O";
				VALIDATE_PRODUCT = YES;
			};
			name = Release;
		};
		32DB2CDE2908ED68000C6E1F /* Debug */ = {
			isa = XCBuildConfiguration;
			buildSettings = {
				ASSETCATALOG_COMPILER_APPICON_NAME = AppIcon;
				ASSETCATALOG_COMPILER_GLOBAL_ACCENT_COLOR_NAME = AccentColor;
				CODE_SIGN_STYLE = Automatic;
				CURRENT_PROJECT_VERSION = 1;
				DEVELOPMENT_ASSET_PATHS = "\"RecipeGoSwiftUI/Preview Content\"";
				DEVELOPMENT_TEAM = 72DA5JB943;
				ENABLE_PREVIEWS = YES;
				GENERATE_INFOPLIST_FILE = YES;
				INFOPLIST_KEY_UIApplicationSceneManifest_Generation = YES;
				INFOPLIST_KEY_UIApplicationSupportsIndirectInputEvents = YES;
				INFOPLIST_KEY_UILaunchScreen_Generation = YES;
				INFOPLIST_KEY_UISupportedInterfaceOrientations_iPad = "UIInterfaceOrientationPortrait UIInterfaceOrientationPortraitUpsideDown UIInterfaceOrientationLandscapeLeft UIInterfaceOrientationLandscapeRight";
				INFOPLIST_KEY_UISupportedInterfaceOrientations_iPhone = "UIInterfaceOrientationPortrait UIInterfaceOrientationLandscapeLeft UIInterfaceOrientationLandscapeRight";
				LD_RUNPATH_SEARCH_PATHS = (
					"$(inherited)",
					"@executable_path/Frameworks",
				);
				MARKETING_VERSION = 1.0;
				PRODUCT_BUNDLE_IDENTIFIER = com.RamtinSaremi.RecipeGoSwiftUI;
				PRODUCT_NAME = "$(TARGET_NAME)";
				SWIFT_EMIT_LOC_STRINGS = YES;
				SWIFT_VERSION = 5.0;
				TARGETED_DEVICE_FAMILY = "1,2";
			};
			name = Debug;
		};
		32DB2CDF2908ED68000C6E1F /* Release */ = {
			isa = XCBuildConfiguration;
			buildSettings = {
				ASSETCATALOG_COMPILER_APPICON_NAME = AppIcon;
				ASSETCATALOG_COMPILER_GLOBAL_ACCENT_COLOR_NAME = AccentColor;
				CODE_SIGN_STYLE = Automatic;
				CURRENT_PROJECT_VERSION = 1;
				DEVELOPMENT_ASSET_PATHS = "\"RecipeGoSwiftUI/Preview Content\"";
				DEVELOPMENT_TEAM = 72DA5JB943;
				ENABLE_PREVIEWS = YES;
				GENERATE_INFOPLIST_FILE = YES;
				INFOPLIST_KEY_UIApplicationSceneManifest_Generation = YES;
				INFOPLIST_KEY_UIApplicationSupportsIndirectInputEvents = YES;
				INFOPLIST_KEY_UILaunchScreen_Generation = YES;
				INFOPLIST_KEY_UISupportedInterfaceOrientations_iPad = "UIInterfaceOrientationPortrait UIInterfaceOrientationPortraitUpsideDown UIInterfaceOrientationLandscapeLeft UIInterfaceOrientationLandscapeRight";
				INFOPLIST_KEY_UISupportedInterfaceOrientations_iPhone = "UIInterfaceOrientationPortrait UIInterfaceOrientationLandscapeLeft UIInterfaceOrientationLandscapeRight";
				LD_RUNPATH_SEARCH_PATHS = (
					"$(inherited)",
					"@executable_path/Frameworks",
				);
				MARKETING_VERSION = 1.0;
				PRODUCT_BUNDLE_IDENTIFIER = com.RamtinSaremi.RecipeGoSwiftUI;
				PRODUCT_NAME = "$(TARGET_NAME)";
				SWIFT_EMIT_LOC_STRINGS = YES;
				SWIFT_VERSION = 5.0;
				TARGETED_DEVICE_FAMILY = "1,2";
			};
			name = Release;
		};
/* End XCBuildConfiguration section */

/* Begin XCConfigurationList section */
		32DB2CCA2908ED67000C6E1F /* Build configuration list for PBXProject "RecipeGoSwiftUI" */ = {
			isa = XCConfigurationList;
			buildConfigurations = (
				32DB2CDB2908ED68000C6E1F /* Debug */,
				32DB2CDC2908ED68000C6E1F /* Release */,
			);
			defaultConfigurationIsVisible = 0;
			defaultConfigurationName = Release;
		};
		32DB2CDD2908ED68000C6E1F /* Build configuration list for PBXNativeTarget "RecipeGoSwiftUI" */ = {
			isa = XCConfigurationList;
			buildConfigurations = (
				32DB2CDE2908ED68000C6E1F /* Debug */,
				32DB2CDF2908ED68000C6E1F /* Release */,
			);
			defaultConfigurationIsVisible = 0;
			defaultConfigurationName = Release;
		};
/* End XCConfigurationList section */

/* Begin XCRemoteSwiftPackageReference section */
		32F7D000290E547500701A7B /* XCRemoteSwiftPackageReference "firebase-ios-sdk" */ = {
			isa = XCRemoteSwiftPackageReference;
			repositoryURL = "https://github.com/firebase/firebase-ios-sdk.git";
			requirement = {
				branch = master;
				kind = branch;
			};
		};
/* End XCRemoteSwiftPackageReference section */

/* Begin XCSwiftPackageProductDependency section */
		32F7D001290E547500701A7B /* FirebaseAuth */ = {
			isa = XCSwiftPackageProductDependency;
			package = 32F7D000290E547500701A7B /* XCRemoteSwiftPackageReference "firebase-ios-sdk" */;
			productName = FirebaseAuth;
		};
		32F7D003290E547500701A7B /* FirebaseFirestore */ = {
			isa = XCSwiftPackageProductDependency;
			package = 32F7D000290E547500701A7B /* XCRemoteSwiftPackageReference "firebase-ios-sdk" */;
			productName = FirebaseFirestore;
		};
		32F7D005290E547500701A7B /* FirebaseFirestoreSwift */ = {
			isa = XCSwiftPackageProductDependency;
			package = 32F7D000290E547500701A7B /* XCRemoteSwiftPackageReference "firebase-ios-sdk" */;
			productName = FirebaseFirestoreSwift;
		};
		32F7D007290E547500701A7B /* FirebaseStorage */ = {
			isa = XCSwiftPackageProductDependency;
			package = 32F7D000290E547500701A7B /* XCRemoteSwiftPackageReference "firebase-ios-sdk" */;
			productName = FirebaseStorage;
		};
		F2A8069B2915C0A1003FB57D /* FirebaseAnalytics */ = {
			isa = XCSwiftPackageProductDependency;
			package = 32F7D000290E547500701A7B /* XCRemoteSwiftPackageReference "firebase-ios-sdk" */;
			productName = FirebaseAnalytics;
		};
/* End XCSwiftPackageProductDependency section */
	};
	rootObject = 32DB2CC72908ED67000C6E1F /* Project object */;
}
